{
  "name": "intercom",
  "version": "1.0.0",
  "lockfileVersion": 1,
  "requires": true,
  "dependencies": {
    "async": {
      "version": "2.6.0",
      "resolved": "https://registry.npmjs.org/async/-/async-2.6.0.tgz",
      "integrity": "sha512-xAfGg1/NTLBBKlHFmnd7PlmUW9KhVQIUuSrYem9xzFUZy13ScvtyGGejaae9iAVRiRq9+Cx7DPFaAAhCpyxyPw==",
      "requires": {
        "lodash": "4.17.5"
      }
    },
    "backbone": {
      "version": "1.3.3",
      "resolved": "https://registry.npmjs.org/backbone/-/backbone-1.3.3.tgz",
      "integrity": "sha1-TMgOp8sWMaxHSInOQPL4vGg7KZk=",
      "requires": {
        "underscore": "1.8.3"
      }
    },
    "backbone4000": {
      "version": "git://github.com/leshy/backbone4000.git#14840bbc4c1f80f7a08f433ff9e28cbce1d4d2bf",
      "requires": {
        "backbone": "1.3.3",
        "helpers": "git+https://github.com/leshy/nodejs-helpers.git#8a0ee8ce5239e162c2a45f8271f0564a7ef923a7",
        "underscore": "1.8.3"
      }
    },
    "bindings": {
      "version": "1.2.1",
      "resolved": "https://registry.npmjs.org/bindings/-/bindings-1.2.1.tgz",
      "integrity": "sha1-FK1hE4EtLTfXLme0ystLtyZQXxE="
    },
    "bluebird": {
      "version": "3.5.1",
      "resolved": "https://registry.npmjs.org/bluebird/-/bluebird-3.5.1.tgz",
      "integrity": "sha512-MKiLiV+I1AA596t9w1sQJ8jkiSr5+ZKi0WKrYGUn6d1Fx+Ij4tIj+m2WMQSGczs5jZVxV339chE8iwk6F64wjA=="
    },
    "bson": {
      "version": "1.0.6",
      "resolved": "https://registry.npmjs.org/bson/-/bson-1.0.6.tgz",
      "integrity": "sha512-D8zmlb46xfuK2gGvKmUjIklQEouN2nQ0LEHHeZ/NoHM2LDiMk2EYzZ5Ntw/Urk+bgMDosOZxaRzXxvhI5TcAVQ=="
    },
    "buffer-shims": {
      "version": "1.0.0",
      "resolved": "https://registry.npmjs.org/buffer-shims/-/buffer-shims-1.0.0.tgz",
      "integrity": "sha1-mXjOMXOIxkmth5MCjDR37wRKi1E="
    },
    "coffeescript": {
      "version": "2.2.3",
      "resolved": "https://registry.npmjs.org/coffeescript/-/coffeescript-2.2.3.tgz",
      "integrity": "sha512-J+qHBN+ltCtOsWcA4X7jDRgUf+e3HHIicGhMG7pCVe3/gv/rt/OhjAaTVvfg+Mkj8wf4oADZmw97RnyhzOk0cA=="
    },
    "colors": {
      "version": "1.2.1",
      "resolved": "https://registry.npmjs.org/colors/-/colors-1.2.1.tgz",
      "integrity": "sha512-s8+wktIuDSLffCywiwSxQOMqtPxML11a/dtHE17tMn4B1MSWw/C22EKf7M2KGUBcDaVFEGT+S8N02geDXeuNKg=="
    },
    "core-util-is": {
      "version": "1.0.2",
      "resolved": "https://registry.npmjs.org/core-util-is/-/core-util-is-1.0.2.tgz",
      "integrity": "sha1-tf1UIgqivFq1eqtxQMlAdUUDwac="
    },
    "deep-is": {
      "version": "0.1.3",
      "resolved": "https://registry.npmjs.org/deep-is/-/deep-is-0.1.3.tgz",
      "integrity": "sha1-s2nW+128E+7PUk+RsHD+7cNXzzQ="
    },
    "double-ended-queue": {
      "version": "2.1.0-0",
      "resolved": "https://registry.npmjs.org/double-ended-queue/-/double-ended-queue-2.1.0-0.tgz",
      "integrity": "sha1-ED01J/0xUo9AGIEwyEHv3XgmTlw="
    },
    "epoll": {
      "version": "2.0.0",
      "resolved": "https://registry.npmjs.org/epoll/-/epoll-2.0.0.tgz",
      "integrity": "sha512-+CzEp36EKzHi7UlGcm+TBtvxmu426CjkSzsaB7hDSB3AjoEhFpnnUTB9XOPuU6UV8VOktC0Bns5QUx0c2qeb4g==",
      "requires": {
        "bindings": "1.3.0",
        "nan": "2.10.0"
      },
      "dependencies": {
        "bindings": {
          "version": "1.3.0",
          "resolved": "https://registry.npmjs.org/bindings/-/bindings-1.3.0.tgz",
          "integrity": "sha512-DpLh5EzMR2kzvX1KIlVC0VkC3iZtHKTgdtZ0a3pglBZdaQFjt5S9g9xd1lE+YvXyfd6mtCeRnrUfOLYiTMlNSw=="
        }
      }
    },
    "es6-promise": {
      "version": "3.2.1",
      "resolved": "https://registry.npmjs.org/es6-promise/-/es6-promise-3.2.1.tgz",
      "integrity": "sha1-7FYjOGgDKQkgcXDDlEjiREndH8Q="
    },
    "event-lite": {
      "version": "0.1.1",
      "resolved": "https://registry.npmjs.org/event-lite/-/event-lite-0.1.1.tgz",
      "integrity": "sha1-R88IqNN9C2lM23s7F7UfqsZXYIY="
    },
    "fast-levenshtein": {
      "version": "2.0.6",
      "resolved": "https://registry.npmjs.org/fast-levenshtein/-/fast-levenshtein-2.0.6.tgz",
      "integrity": "sha1-PYpcZog6FqMMqGQ+hR8Zuqd5eRc="
    },
    "fluent-logger": {
      "version": "0.5.0",
      "resolved": "https://registry.npmjs.org/fluent-logger/-/fluent-logger-0.5.0.tgz",
      "integrity": "sha1-LiDeA3cEDVt6TwFt0Ue2/3CIY5I=",
      "requires": {
        "msgpack-lite": "0.1.26"
      }
    },
    "git-rev": {
      "version": "0.2.1",
      "resolved": "https://registry.npmjs.org/git-rev/-/git-rev-0.2.1.tgz",
      "integrity": "sha1-jMvSCSs0W8LJFJVIOW31SWRspj8="
    },
    "helpers": {
      "version": "git+https://github.com/leshy/nodejs-helpers.git#8a0ee8ce5239e162c2a45f8271f0564a7ef923a7",
      "requires": {
        "async": "2.6.0",
        "underscore": "1.8.3"
      }
    },
    "ieee754": {
      "version": "1.1.10",
      "resolved": "https://registry.npmjs.org/ieee754/-/ieee754-1.1.10.tgz",
      "integrity": "sha512-byWFX8OyW/qeVxcY21r6Ncxl0ZYHgnf0cPup2h34eHXrCJbOp7IuqnJ4Q0omfyWl6Z++BTI6bByf31pZt7iRLg=="
    },
    "influx": {
      "version": "5.0.7",
      "resolved": "https://registry.npmjs.org/influx/-/influx-5.0.7.tgz",
      "integrity": "sha1-NeZfa/E8uqF2MQi1WWqAanJ6Upo="
    },
    "inherits": {
      "version": "2.0.3",
      "resolved": "https://registry.npmjs.org/inherits/-/inherits-2.0.3.tgz",
      "integrity": "sha1-Yzwsg+PaQqUC9SRmAiSA9CCCYd4="
    },
    "int64-buffer": {
      "version": "0.1.10",
      "resolved": "https://registry.npmjs.org/int64-buffer/-/int64-buffer-0.1.10.tgz",
      "integrity": "sha1-J3siiofZWtd30HwTgyAiQGpHNCM="
    },
    "isarray": {
      "version": "1.0.0",
      "resolved": "https://registry.npmjs.org/isarray/-/isarray-1.0.0.tgz",
      "integrity": "sha1-u5NdSFgsuhaMBoNJV6VKPgcSTxE="
    },
    "lego": {
      "version": "git+https://github.com/leshy/nodejs-lego.git#79683a35ba72c6e747491dddb6f49889fd7a86ad",
      "requires": {
        "async": "2.6.0",
        "backbone4000": "git+https://github.com/leshy/backbone4000.git#14840bbc4c1f80f7a08f433ff9e28cbce1d4d2bf",
        "colors": "1.2.1",
        "helpers": "git+https://github.com/leshy/nodejs-helpers.git#8a0ee8ce5239e162c2a45f8271f0564a7ef923a7",
        "underscore": "1.8.3"
      },
      "dependencies": {
        "backbone4000": {
          "version": "git+https://github.com/leshy/backbone4000.git#14840bbc4c1f80f7a08f433ff9e28cbce1d4d2bf",
          "requires": {
            "backbone": "1.3.3",
            "helpers": "git+https://github.com/leshy/nodejs-helpers.git#8a0ee8ce5239e162c2a45f8271f0564a7ef923a7",
            "underscore": "1.8.3"
          }
        }
      }
    },
    "leshdash": {
      "version": "git://github.com/leshy/leshdash.git#794c2d8fa423b9ad0b8a72a67a2cbff5b0e6e42b",
      "requires": {
        "lodash": "4.17.5"
      }
    },
    "levn": {
      "version": "0.3.0",
      "resolved": "https://registry.npmjs.org/levn/-/levn-0.3.0.tgz",
      "integrity": "sha1-OwmSTt+fCDwEkP3UwLxEIeBHZO4=",
      "requires": {
        "prelude-ls": "1.1.2",
        "type-check": "0.3.2"
      }
    },
    "livescript": {
      "version": "1.5.0",
      "resolved": "https://registry.npmjs.org/livescript/-/livescript-1.5.0.tgz",
      "integrity": "sha1-T+cSHEEhfkYI4zTrnL4XYuY+VWY=",
      "requires": {
        "optionator": "0.8.2",
        "prelude-ls": "1.1.2",
        "source-map": "0.5.7"
      }
    },
    "lodash": {
      "version": "4.17.5",
      "resolved": "https://registry.npmjs.org/lodash/-/lodash-4.17.5.tgz",
      "integrity": "sha512-svL3uiZf1RwhH+cWrfZn3A4+U58wbP0tGVTLQPbjplZxZ8ROD9VLuNgsRniTlLe7OlSqR79RUehXgpBW/s0IQw=="
    },
    "logger3": {
      "version": "git+https://github.com/leshy/logger3.git#9418d97285b4d2b51210899fcfac4095bb486abb",
      "requires": {
        "backbone4000": "git+https://github.com/leshy/backbone4000.git#14840bbc4c1f80f7a08f433ff9e28cbce1d4d2bf",
        "colors": "1.2.1",
        "fluent-logger": "0.5.0",
        "helpers": "git+https://github.com/leshy/nodejs-helpers.git#8a0ee8ce5239e162c2a45f8271f0564a7ef923a7",
        "influx": "5.0.7",
        "leshdash": "git+https://github.com/leshy/leshdash.git#794c2d8fa423b9ad0b8a72a67a2cbff5b0e6e42b",
        "lodash": "4.17.5",
        "mongodb": "2.2.35",
        "prelude-ls": "1.1.2",
        "redis": "2.8.0",
        "subscriptionman2": "git+https://github.com/leshy/nodejs-subscriptionman2.git#d6b77deb04ee5ad5a0c598100a4a7b1e82404467",
        "udp-client": "0.1.0",
        "underscore": "1.8.3"
      },
      "dependencies": {
        "backbone4000": {
          "version": "git+https://github.com/leshy/backbone4000.git#14840bbc4c1f80f7a08f433ff9e28cbce1d4d2bf",
          "requires": {
            "backbone": "1.3.3",
            "helpers": "git+https://github.com/leshy/nodejs-helpers.git#8a0ee8ce5239e162c2a45f8271f0564a7ef923a7",
            "underscore": "1.8.3"
          }
        },
        "leshdash": {
          "version": "git+https://github.com/leshy/leshdash.git#794c2d8fa423b9ad0b8a72a67a2cbff5b0e6e42b",
          "requires": {
            "lodash": "4.17.5"
          }
        }
      }
    },
    "midi": {
      "version": "0.9.5",
      "resolved": "https://registry.npmjs.org/midi/-/midi-0.9.5.tgz",
      "integrity": "sha1-/DI6/z6BsNQJnK7q1TW6Z5xunYg=",
      "requires": {
        "bindings": "1.2.1",
        "nan": "2.10.0"
      }
    },
    "mongodb": {
      "version": "2.2.35",
      "resolved": "https://registry.npmjs.org/mongodb/-/mongodb-2.2.35.tgz",
      "integrity": "sha512-3HGLucDg/8EeYMin3k+nFWChTA85hcYDCw1lPsWR6yV9A6RgKb24BkLiZ9ySZR+S0nfBjWoIUS7cyV6ceGx5Gg==",
      "requires": {
        "es6-promise": "3.2.1",
        "mongodb-core": "2.1.19",
        "readable-stream": "2.2.7"
      }
    },
    "mongodb-core": {
      "version": "2.1.19",
      "resolved": "https://registry.npmjs.org/mongodb-core/-/mongodb-core-2.1.19.tgz",
      "integrity": "sha512-Jt4AtWUkpuW03kRdYGxga4O65O1UHlFfvvInslEfLlGi+zDMxbBe3J2NVmN9qPJ957Mn6Iz0UpMtV80cmxCVxw==",
      "requires": {
        "bson": "1.0.6",
        "require_optional": "1.0.1"
      }
    },
    "msgpack-lite": {
      "version": "0.1.26",
      "resolved": "https://registry.npmjs.org/msgpack-lite/-/msgpack-lite-0.1.26.tgz",
      "integrity": "sha1-3TxQsm8FnyXn7e42REGDWOKprYk=",
      "requires": {
        "event-lite": "0.1.1",
        "ieee754": "1.1.10",
        "int64-buffer": "0.1.10",
        "isarray": "1.0.0"
      }
    },
    "nan": {
      "version": "2.10.0",
      "resolved": "https://registry.npmjs.org/nan/-/nan-2.10.0.tgz",
      "integrity": "sha512-bAdJv7fBLhWC+/Bls0Oza+mvTaNQtP+1RyhhhvD95pgUJz6XM5IzgmxOkItJ9tkoCiplvAnXI1tNmmUD/eScyA=="
    },
    "onoff": {
      "version": "2.0.0",
      "resolved": "https://registry.npmjs.org/onoff/-/onoff-2.0.0.tgz",
      "integrity": "sha512-BZ0TjxGAolj9cwVxdkG2vAfOSugjKEpqicwnk+9LRDQABBGRMN5BXhE3HP+FkzbpsEEOy5f+foIVPoZSoWnZbA==",
      "requires": {
        "epoll": "2.0.0"
      }
    },
    "optionator": {
      "version": "0.8.2",
      "resolved": "https://registry.npmjs.org/optionator/-/optionator-0.8.2.tgz",
      "integrity": "sha1-NkxeQJ0/TWMB1sC0wFu6UBgK62Q=",
      "requires": {
        "deep-is": "0.1.3",
        "fast-levenshtein": "2.0.6",
        "levn": "0.3.0",
        "prelude-ls": "1.1.2",
        "type-check": "0.3.2",
        "wordwrap": "1.0.0"
      }
    },
    "prelude-ls": {
      "version": "1.1.2",
      "resolved": "https://registry.npmjs.org/prelude-ls/-/prelude-ls-1.1.2.tgz",
      "integrity": "sha1-IZMqVJ9eUv/ZqCf1cOBL5iqX2lQ="
    },
    "process-nextick-args": {
      "version": "1.0.7",
      "resolved": "https://registry.npmjs.org/process-nextick-args/-/process-nextick-args-1.0.7.tgz",
      "integrity": "sha1-FQ4gt1ZZCtP5EJPyWk8q2L/zC6M="
    },
    "readable-stream": {
      "version": "2.2.7",
      "resolved": "https://registry.npmjs.org/readable-stream/-/readable-stream-2.2.7.tgz",
      "integrity": "sha1-BwV6y+JGeyIELTb5jFrVBwVOlbE=",
      "requires": {
        "buffer-shims": "1.0.0",
        "core-util-is": "1.0.2",
        "inherits": "2.0.3",
        "isarray": "1.0.0",
        "process-nextick-args": "1.0.7",
        "string_decoder": "1.0.3",
        "util-deprecate": "1.0.2"
      }
    },
    "redis": {
      "version": "2.8.0",
      "resolved": "https://registry.npmjs.org/redis/-/redis-2.8.0.tgz",
      "integrity": "sha512-M1OkonEQwtRmZv4tEWF2VgpG0JWJ8Fv1PhlgT5+B+uNq2cA3Rt1Yt/ryoR+vQNOQcIEgdCdfH0jr3bDpihAw1A==",
      "requires": {
        "double-ended-queue": "2.1.0-0",
        "redis-commands": "1.3.5",
        "redis-parser": "2.6.0"
      }
    },
    "redis-commands": {
      "version": "1.3.5",
      "resolved": "https://registry.npmjs.org/redis-commands/-/redis-commands-1.3.5.tgz",
      "integrity": "sha512-foGF8u6MXGFF++1TZVC6icGXuMYPftKXt1FBT2vrfU9ZATNtZJ8duRC5d1lEfE8hyVe3jhelHGB91oB7I6qLsA=="
    },
    "redis-parser": {
      "version": "2.6.0",
      "resolved": "https://registry.npmjs.org/redis-parser/-/redis-parser-2.6.0.tgz",
      "integrity": "sha1-Uu0J2srBCPGmMcB+m2mUHnoZUEs="
    },
    "require_optional": {
      "version": "1.0.1",
      "resolved": "https://registry.npmjs.org/require_optional/-/require_optional-1.0.1.tgz",
      "integrity": "sha512-qhM/y57enGWHAe3v/NcwML6a3/vfESLe/sGM2dII+gEO0BpKRUkWZow/tyloNqJyN6kXSl3RyyM8Ll5D/sJP8g==",
      "requires": {
        "resolve-from": "2.0.0",
        "semver": "5.5.0"
      }
    },
    "resolve-from": {
      "version": "2.0.0",
      "resolved": "https://registry.npmjs.org/resolve-from/-/resolve-from-2.0.0.tgz",
      "integrity": "sha1-lICrIOlP+h2egKgEx+oUdhGWa1c="
    },
    "ribcage": {
      "version": "git://github.com/leshy/ribcage.git#981715526ecfd203add344943c3b68cdc7c47d30",
      "requires": {
        "backbone4000": "git+https://github.com/leshy/backbone4000.git#14840bbc4c1f80f7a08f433ff9e28cbce1d4d2bf",
        "coffeescript": "2.2.3",
        "git-rev": "0.2.1",
        "helpers": "git+https://github.com/leshy/nodejs-helpers.git#8a0ee8ce5239e162c2a45f8271f0564a7ef923a7",
        "lego": "git+https://github.com/leshy/nodejs-lego.git#79683a35ba72c6e747491dddb6f49889fd7a86ad",
        "livescript": "1.5.0",
        "underscore": "1.8.3"
      },
      "dependencies": {
        "backbone4000": {
          "version": "git+https://github.com/leshy/backbone4000.git#14840bbc4c1f80f7a08f433ff9e28cbce1d4d2bf",
          "requires": {
            "backbone": "1.3.3",
            "helpers": "git+https://github.com/leshy/nodejs-helpers.git#8a0ee8ce5239e162c2a45f8271f0564a7ef923a7",
            "underscore": "1.8.3"
          }
        }
      }
    },
    "ribcage_logger": {
      "version": "git://github.com/leshy/ribcage_logger.git#494d9d5330d87bc489550242471bc3093bf60f51",
      "requires": {
        "backbone4000": "git+https://github.com/leshy/backbone4000.git#14840bbc4c1f80f7a08f433ff9e28cbce1d4d2bf",
        "logger3": "git+https://github.com/leshy/logger3.git#9418d97285b4d2b51210899fcfac4095bb486abb",
        "underscore": "1.8.3"
      },
      "dependencies": {
        "backbone4000": {
          "version": "git+https://github.com/leshy/backbone4000.git#14840bbc4c1f80f7a08f433ff9e28cbce1d4d2bf",
          "requires": {
            "backbone": "1.3.3",
            "helpers": "git+https://github.com/leshy/nodejs-helpers.git#8a0ee8ce5239e162c2a45f8271f0564a7ef923a7",
            "underscore": "1.8.3"
          }
        }
      }
    },
    "safe-buffer": {
      "version": "5.1.1",
      "resolved": "https://registry.npmjs.org/safe-buffer/-/safe-buffer-5.1.1.tgz",
      "integrity": "sha512-kKvNJn6Mm93gAczWVJg7wH+wGYWNrDHdWvpUmHyEsgCtIwwo3bqPtV4tR5tuPaUhTOo/kvhVwd8XwwOllGYkbg=="
    },
    "semver": {
      "version": "5.5.0",
      "resolved": "https://registry.npmjs.org/semver/-/semver-5.5.0.tgz",
      "integrity": "sha512-4SJ3dm0WAwWy/NVeioZh5AntkdJoWKxHxcmyP622fOkgHa4z3R0TdBJICINyaSDE6uNwVc8gZr+ZinwZAH4xIA=="
    },
    "source-map": {
      "version": "0.5.7",
      "resolved": "https://registry.npmjs.org/source-map/-/source-map-0.5.7.tgz",
      "integrity": "sha1-igOdLRAh0i0eoUyA2OpGi6LvP8w="
    },
    "statemachine": {
      "version": "git://github.com/leshy/statemachine.git#3ecba42f4262431c4203b3e0b27670bb8ae141c3",
      "requires": {
        "backbone4000": "git+https://github.com/leshy/backbone4000.git#14840bbc4c1f80f7a08f433ff9e28cbce1d4d2bf",
        "subscriptionman2": "git+https://github.com/leshy/nodejs-subscriptionman2.git#d6b77deb04ee5ad5a0c598100a4a7b1e82404467"
      },
      "dependencies": {
        "backbone4000": {
          "version": "git+https://github.com/leshy/backbone4000.git#14840bbc4c1f80f7a08f433ff9e28cbce1d4d2bf",
          "requires": {
            "backbone": "1.3.3",
            "helpers": "git+https://github.com/leshy/nodejs-helpers.git#8a0ee8ce5239e162c2a45f8271f0564a7ef923a7",
            "underscore": "1.8.3"
          }
        }
      }
    },
    "string_decoder": {
      "version": "1.0.3",
      "resolved": "https://registry.npmjs.org/string_decoder/-/string_decoder-1.0.3.tgz",
      "integrity": "sha512-4AH6Z5fzNNBcH+6XDMfA/BTt87skxqJlO0lAh3Dker5zThcAxG6mKz+iGu308UKoPPQ8Dcqx/4JhujzltRa+hQ==",
      "requires": {
        "safe-buffer": "5.1.1"
      }
    },
    "subscriptionman2": {
      "version": "git+https://github.com/leshy/nodejs-subscriptionman2.git#d6b77deb04ee5ad5a0c598100a4a7b1e82404467",
      "requires": {
        "async": "2.6.0",
        "backbone4000": "git+https://github.com/leshy/backbone4000.git#14840bbc4c1f80f7a08f433ff9e28cbce1d4d2bf",
        "helpers": "git+https://github.com/leshy/nodejs-helpers.git#8a0ee8ce5239e162c2a45f8271f0564a7ef923a7",
        "underscore": "1.8.3",
        "validator2-extras": "git+https://github.com/leshy/nodejs-validator2-extras.git#e89dc0cc3a33c6ba3d62905d531609a4d107c033"
      },
      "dependencies": {
        "backbone4000": {
          "version": "git+https://github.com/leshy/backbone4000.git#14840bbc4c1f80f7a08f433ff9e28cbce1d4d2bf",
          "requires": {
            "backbone": "1.3.3",
            "helpers": "git+https://github.com/leshy/nodejs-helpers.git#8a0ee8ce5239e162c2a45f8271f0564a7ef923a7",
            "underscore": "1.8.3"
          }
        }
      }
    },
    "type-check": {
      "version": "0.3.2",
      "resolved": "https://registry.npmjs.org/type-check/-/type-check-0.3.2.tgz",
      "integrity": "sha1-WITKtRLPHTVeP7eE8wgEsrUg23I=",
      "requires": {
        "prelude-ls": "1.1.2"
      }
    },
    "udp-client": {
      "version": "0.1.0",
      "resolved": "https://registry.npmjs.org/udp-client/-/udp-client-0.1.0.tgz",
      "integrity": "sha1-yPW+HwK9EDZ7q253gUvbDYQAdfg="
    },
    "underscore": {
      "version": "1.8.3",
      "resolved": "https://registry.npmjs.org/underscore/-/underscore-1.8.3.tgz",
      "integrity": "sha1-Tz+1OxBuYJf8+ctBCfKl6b36UCI="
    },
    "util-deprecate": {
      "version": "1.0.2",
      "resolved": "https://registry.npmjs.org/util-deprecate/-/util-deprecate-1.0.2.tgz",
      "integrity": "sha1-RQ1Nyfpw3nMnYvvS1KKJgUGaDM8="
    },
    "validator2": {
      "version": "git+https://github.com/leshy/nodejs-validator2.git#32f88dae42129fe3ed3b8272730ad9643caa54d7",
      "requires": {
        "async": "2.6.0",
        "helpers": "git+https://github.com/leshy/nodejs-helpers.git#8a0ee8ce5239e162c2a45f8271f0564a7ef923a7",
        "underscore": "1.8.3"
      }
    },
    "validator2-extras": {
      "version": "git+https://github.com/leshy/nodejs-validator2-extras.git#e89dc0cc3a33c6ba3d62905d531609a4d107c033",
      "requires": {
        "backbone4000": "git+https://github.com/leshy/backbone4000.git#14840bbc4c1f80f7a08f433ff9e28cbce1d4d2bf",
        "helpers": "git+https://github.com/leshy/nodejs-helpers.git#8a0ee8ce5239e162c2a45f8271f0564a7ef923a7",
        "underscore": "1.8.3",
        "validator2": "git+https://github.com/leshy/nodejs-validator2.git#32f88dae42129fe3ed3b8272730ad9643caa54d7"
      },
      "dependencies": {
        "backbone4000": {
          "version": "git+https://github.com/leshy/backbone4000.git#14840bbc4c1f80f7a08f433ff9e28cbce1d4d2bf",
          "requires": {
            "backbone": "1.3.3",
            "helpers": "git+https://github.com/leshy/nodejs-helpers.git#8a0ee8ce5239e162c2a45f8271f0564a7ef923a7",
            "underscore": "1.8.3"
          }
        }
      }
    },
    "wordwrap": {
      "version": "1.0.0",
      "resolved": "https://registry.npmjs.org/wordwrap/-/wordwrap-1.0.0.tgz",
      "integrity": "sha1-J1hIEIkUVqQXHI0CJkQa3pDLyus="
    }
  }
}
