# THIS IS AN AUTOGENERATED FILE. DO NOT EDIT THIS FILE DIRECTLY.
# yarn lockfile v1


async@^0.9.0:
  version "0.9.2"
  resolved "https://registry.yarnpkg.com/async/-/async-0.9.2.tgz#aea74d5e61c1f899613bf64bda66d4c78f2fd17d"

async@^2.6.0:
  version "2.6.0"
  resolved "https://registry.yarnpkg.com/async/-/async-2.6.0.tgz#61a29abb6fcc026fea77e56d1c6ec53a795951f4"
  dependencies:
    lodash "^4.14.0"

"backbone4000@git+ssh://git@github.com/leshy/backbone4000.git":
  version "0.0.1"
  uid c64a230b301c5da268967442a435439086bfb839
  resolved "git+ssh://git@github.com/leshy/backbone4000.git#c64a230b301c5da268967442a435439086bfb839"
  dependencies:
    backbone "^1.1.2"
    helpers "git+ssh://git@github.com/leshy/nodejs-helpers.git"
    underscore "^1.8.3"

"backbone4000@git://github.com/leshy/backbone4000.git":
  version "0.0.1"
  resolved "git://github.com/leshy/backbone4000.git#c64a230b301c5da268967442a435439086bfb839"
  dependencies:
    backbone "^1.1.2"
    helpers "git+ssh://git@github.com/leshy/nodejs-helpers.git"
    underscore "^1.8.3"

backbone@^1.1.2:
  version "1.3.3"
  resolved "https://registry.yarnpkg.com/backbone/-/backbone-1.3.3.tgz#4cc80ea7cb1631ac474889ce40f2f8bc683b2999"
  dependencies:
    underscore ">=1.8.3"

bindings@^1.3.0:
  version "1.3.0"
  resolved "https://registry.yarnpkg.com/bindings/-/bindings-1.3.0.tgz#b346f6ecf6a95f5a815c5839fc7cdb22502f1ed7"

bindings@~1.2.1:
  version "1.2.1"
  resolved "https://registry.yarnpkg.com/bindings/-/bindings-1.2.1.tgz#14ad6113812d2d37d72e67b4cacb4bb726505f11"

bluebird@^3.5.1:
  version "3.5.1"
  resolved "https://registry.yarnpkg.com/bluebird/-/bluebird-3.5.1.tgz#d9551f9de98f1fcda1e683d17ee91a0602ee2eb9"

bson@~1.0.4:
  version "1.0.6"
  resolved "https://registry.yarnpkg.com/bson/-/bson-1.0.6.tgz#444db59ddd4c24f0cb063aabdc5c8c7b0ceca912"

buffer-shims@~1.0.0:
  version "1.0.0"
  resolved "https://registry.yarnpkg.com/buffer-shims/-/buffer-shims-1.0.0.tgz#9978ce317388c649ad8793028c3477ef044a8b51"

coffeescript@^2.2.1:
  version "2.2.3"
  resolved "https://registry.yarnpkg.com/coffeescript/-/coffeescript-2.2.3.tgz#a8a42170c28bea240f4c3f56c57e1f46487f88b9"

colors@^1.1.2:
  version "1.2.1"
  resolved "https://registry.yarnpkg.com/colors/-/colors-1.2.1.tgz#f4a3d302976aaf042356ba1ade3b1a2c62d9d794"

core-util-is@~1.0.0:
  version "1.0.2"
  resolved "https://registry.yarnpkg.com/core-util-is/-/core-util-is-1.0.2.tgz#b5fd54220aa2bc5ab57aab7140c940754503c1a7"

deep-is@~0.1.3:
  version "0.1.3"
  resolved "https://registry.yarnpkg.com/deep-is/-/deep-is-0.1.3.tgz#b369d6fb5dbc13eecf524f91b070feedc357cf34"

double-ended-queue@^2.1.0-0:
  version "2.1.0-0"
  resolved "https://registry.yarnpkg.com/double-ended-queue/-/double-ended-queue-2.1.0-0.tgz#103d3527fd31528f40188130c841efdd78264e5c"

epoll@^2.0.0:
  version "2.0.0"
  resolved "https://registry.yarnpkg.com/epoll/-/epoll-2.0.0.tgz#14b4dc3e8720380d640bc997780069f61dce4360"
  dependencies:
    bindings "^1.3.0"
    nan "^2.9.2"

es6-promise@3.2.1:
  version "3.2.1"
  resolved "https://registry.yarnpkg.com/es6-promise/-/es6-promise-3.2.1.tgz#ec56233868032909207170c39448e24449dd1fc4"

event-lite@^0.1.1:
  version "0.1.1"
  resolved "https://registry.yarnpkg.com/event-lite/-/event-lite-0.1.1.tgz#47cf08a8d37d0b694cdb7b3b17b51faac6576086"

fast-levenshtein@~2.0.4:
  version "2.0.6"
  resolved "https://registry.yarnpkg.com/fast-levenshtein/-/fast-levenshtein-2.0.6.tgz#3d8a5c66883a16a30ca8643e851f19baa7797917"

fluent-logger@^0.5.0:
  version "0.5.0"
  resolved "https://registry.yarnpkg.com/fluent-logger/-/fluent-logger-0.5.0.tgz#2e20de0377040d5b7a4f016dd147b6ff70886392"
  dependencies:
    msgpack-lite "*"

git-rev@^0.2.1:
  version "0.2.1"
  resolved "https://registry.yarnpkg.com/git-rev/-/git-rev-0.2.1.tgz#8ccbd2092b345bc2c9149548396df549646ca63f"

"helpers@git+ssh://git@github.com/leshy/nodejs-helpers.git":
  version "1.0.0"
  resolved "git+ssh://git@github.com/leshy/nodejs-helpers.git#8a0ee8ce5239e162c2a45f8271f0564a7ef923a7"
  dependencies:
    async "^2.6.0"
    underscore "^1.8.3"

"helpers@git://github.com/leshy/nodejs-helpers.git":
  version "1.0.0"
  resolved "git://github.com/leshy/nodejs-helpers.git#8a0ee8ce5239e162c2a45f8271f0564a7ef923a7"
  dependencies:
    async "^2.6.0"
    underscore "^1.8.3"

ieee754@^1.1.8:
  version "1.1.10"
  resolved "https://registry.yarnpkg.com/ieee754/-/ieee754-1.1.10.tgz#719a6f7b026831e64bdb838b0de1bb0029bbf716"

influx@^5.0.1:
  version "5.0.7"
  resolved "https://registry.yarnpkg.com/influx/-/influx-5.0.7.tgz#35e65f6bf13cbaa1763108b5596a806a727a529a"

inherits@~2.0.1:
  version "2.0.3"
  resolved "https://registry.yarnpkg.com/inherits/-/inherits-2.0.3.tgz#633c2c83e3da42a502f52466022480f4208261de"

int64-buffer@^0.1.9:
  version "0.1.10"
  resolved "https://registry.yarnpkg.com/int64-buffer/-/int64-buffer-0.1.10.tgz#277b228a87d95ad777d07c13832022406a473423"

isarray@^1.0.0, isarray@~1.0.0:
  version "1.0.0"
  resolved "https://registry.yarnpkg.com/isarray/-/isarray-1.0.0.tgz#bb935d48582cba168c06834957a54a3e07124f11"

"lego@git+ssh://git@github.com/leshy/nodejs-lego.git":
  version "1.0.0"
  resolved "git+ssh://git@github.com/leshy/nodejs-lego.git#09061adfd336047ae571a7dfe342569d12667042"
  dependencies:
    async "^2.6.0"
    backbone4000 "git://github.com/leshy/backbone4000.git"
    colors "^1.1.2"
    helpers "git://github.com/leshy/nodejs-helpers.git"
    underscore "^1.8.3"

"leshdash@git+ssh://git@github.com/leshy/leshdash.git":
  version "1.0.0"
  resolved "git+ssh://git@github.com/leshy/leshdash.git#dbf237f5889880a995b52fb940d0e4316ce70e93"
  dependencies:
    lodash "^4.17.5"

"leshdash@git://github.com/leshy/leshdash.git":
  version "1.0.0"
  resolved "git://github.com/leshy/leshdash.git#dbf237f5889880a995b52fb940d0e4316ce70e93"
  dependencies:
    lodash "^4.17.5"

levn@~0.3.0:
  version "0.3.0"
  resolved "https://registry.yarnpkg.com/levn/-/levn-0.3.0.tgz#3b09924edf9f083c0490fdd4c0bc4421e04764ee"
  dependencies:
    prelude-ls "~1.1.2"
    type-check "~0.3.2"

livescript@^1.5.0:
  version "1.5.0"
  resolved "https://registry.yarnpkg.com/livescript/-/livescript-1.5.0.tgz#4fe7121c41217e4608e334eb9cbe1762e63e5566"
  dependencies:
    optionator "~0.8.1"
    prelude-ls "~1.1.2"
    source-map "^0.5.6"

lodash@^4.14.0, lodash@^4.17.2, lodash@^4.17.5:
  version "4.17.5"
  resolved "https://registry.yarnpkg.com/lodash/-/lodash-4.17.5.tgz#99a92d65c0272debe8c96b6057bc8fbfa3bed511"

"logger3@git+ssh://git@github.com/leshy/logger3":
  version "1.0.0"
  resolved "git+ssh://git@github.com/leshy/logger3#84c02e88d9a0380d679a9d0f4c91025928eed8df"
  dependencies:
    backbone4000 "git+ssh://git@github.com/leshy/backbone4000.git"
    colors "^1.1.2"
    fluent-logger "^0.5.0"
    helpers "git+ssh://git@github.com/leshy/nodejs-helpers.git"
    influx "^5.0.1"
    leshdash "git+ssh://git@github.com/leshy/leshdash.git"
    lodash "^4.17.2"
    mongodb "^2.1.3"
    prelude-ls "^1.1.2"
    redis "^2.6.2"
    subscriptionman2 "git+ssh://git@github.com/leshy/nodejs-subscriptionman2.git"
    udp-client "^0.1.0"
    underscore "^1.8.3"

midi@^0.9.5:
  version "0.9.5"
  resolved "https://registry.yarnpkg.com/midi/-/midi-0.9.5.tgz#fc323aff3e81b0d4099caeead535ba679c6e9d88"
  dependencies:
    bindings "~1.2.1"
    nan "^2.3.3"

mongodb-core@2.1.19:
  version "2.1.19"
  resolved "https://registry.yarnpkg.com/mongodb-core/-/mongodb-core-2.1.19.tgz#00fbd5e5a3573763b9171cfd844e60a8f2a3a18b"
  dependencies:
    bson "~1.0.4"
    require_optional "~1.0.0"

mongodb@^2.1.3:
  version "2.2.35"
  resolved "https://registry.yarnpkg.com/mongodb/-/mongodb-2.2.35.tgz#cd1b5af8a9463e3f9a787fa5b3d05565579730f9"
  dependencies:
    es6-promise "3.2.1"
    mongodb-core "2.1.19"
    readable-stream "2.2.7"

msgpack-lite@*:
  version "0.1.26"
  resolved "https://registry.yarnpkg.com/msgpack-lite/-/msgpack-lite-0.1.26.tgz#dd3c50b26f059f25e7edee3644418358e2a9ad89"
  dependencies:
    event-lite "^0.1.1"
    ieee754 "^1.1.8"
    int64-buffer "^0.1.9"
    isarray "^1.0.0"

nan@^2.3.3:
  version "2.9.2"
  resolved "https://registry.yarnpkg.com/nan/-/nan-2.9.2.tgz#f564d75f5f8f36a6d9456cca7a6c4fe488ab7866"

nan@^2.9.2:
  version "2.10.0"
  resolved "https://registry.yarnpkg.com/nan/-/nan-2.10.0.tgz#96d0cd610ebd58d4b4de9cc0c6828cda99c7548f"

onoff@^2.0.0:
  version "2.0.0"
  resolved "https://registry.yarnpkg.com/onoff/-/onoff-2.0.0.tgz#ca60e82531c7ec8601d92ea403e471669a24a06d"
  dependencies:
    epoll "^2.0.0"

optionator@~0.8.1:
  version "0.8.2"
  resolved "https://registry.yarnpkg.com/optionator/-/optionator-0.8.2.tgz#364c5e409d3f4d6301d6c0b4c05bba50180aeb64"
  dependencies:
    deep-is "~0.1.3"
    fast-levenshtein "~2.0.4"
    levn "~0.3.0"
    prelude-ls "~1.1.2"
    type-check "~0.3.2"
    wordwrap "~1.0.0"

prelude-ls@^1.1.2, prelude-ls@~1.1.2:
  version "1.1.2"
  resolved "https://registry.yarnpkg.com/prelude-ls/-/prelude-ls-1.1.2.tgz#21932a549f5e52ffd9a827f570e04be62a97da54"

process-nextick-args@~1.0.6:
  version "1.0.7"
  resolved "https://registry.yarnpkg.com/process-nextick-args/-/process-nextick-args-1.0.7.tgz#150e20b756590ad3f91093f25a4f2ad8bff30ba3"

readable-stream@2.2.7:
  version "2.2.7"
  resolved "https://registry.yarnpkg.com/readable-stream/-/readable-stream-2.2.7.tgz#07057acbe2467b22042d36f98c5ad507054e95b1"
  dependencies:
    buffer-shims "~1.0.0"
    core-util-is "~1.0.0"
    inherits "~2.0.1"
    isarray "~1.0.0"
    process-nextick-args "~1.0.6"
    string_decoder "~1.0.0"
    util-deprecate "~1.0.1"

redis-commands@^1.2.0:
  version "1.3.5"
  resolved "https://registry.yarnpkg.com/redis-commands/-/redis-commands-1.3.5.tgz#4495889414f1e886261180b1442e7295602d83a2"

redis-parser@^2.6.0:
  version "2.6.0"
  resolved "https://registry.yarnpkg.com/redis-parser/-/redis-parser-2.6.0.tgz#52ed09dacac108f1a631c07e9b69941e7a19504b"

redis@^2.6.2:
  version "2.8.0"
  resolved "https://registry.yarnpkg.com/redis/-/redis-2.8.0.tgz#202288e3f58c49f6079d97af7a10e1303ae14b02"
  dependencies:
    double-ended-queue "^2.1.0-0"
    redis-commands "^1.2.0"
    redis-parser "^2.6.0"

require_optional@~1.0.0:
  version "1.0.1"
  resolved "https://registry.yarnpkg.com/require_optional/-/require_optional-1.0.1.tgz#4cf35a4247f64ca3df8c2ef208cc494b1ca8fc2e"
  dependencies:
    resolve-from "^2.0.0"
    semver "^5.1.0"

resolve-from@^2.0.0:
  version "2.0.0"
  resolved "https://registry.yarnpkg.com/resolve-from/-/resolve-from-2.0.0.tgz#9480ab20e94ffa1d9e80a804c7ea147611966b57"

"ribcage@git://github.com/leshy/ribcage.git":
  version "1.0.0"
  resolved "git://github.com/leshy/ribcage.git#8e552a86711641fcb8741b24309ff45d99e166fd"
  dependencies:
    backbone4000 "git+ssh://git@github.com/leshy/backbone4000.git"
    coffeescript "^2.2.1"
    git-rev "^0.2.1"
    helpers "git+ssh://git@github.com/leshy/nodejs-helpers.git"
    lego "git+ssh://git@github.com/leshy/nodejs-lego.git"
    livescript "^1.5.0"
    underscore "^1.8.3"

"ribcage_logger@git://github.com/leshy/ribcage_logger.git":
  version "1.0.0"
  resolved "git://github.com/leshy/ribcage_logger.git#37d93a385ca77a95b1e2942ac958270c6ca9ec76"
  dependencies:
    backbone4000 "git://github.com/leshy/backbone4000.git"
    logger3 "git+ssh://git@github.com/leshy/logger3"
    underscore "^1.8.3"

safe-buffer@~5.1.0:
  version "5.1.1"
  resolved "https://registry.yarnpkg.com/safe-buffer/-/safe-buffer-5.1.1.tgz#893312af69b2123def71f57889001671eeb2c853"

semver@^5.1.0:
  version "5.5.0"
  resolved "https://registry.yarnpkg.com/semver/-/semver-5.5.0.tgz#dc4bbc7a6ca9d916dee5d43516f0092b58f7b8ab"

source-map@^0.5.6:
  version "0.5.7"
  resolved "https://registry.yarnpkg.com/source-map/-/source-map-0.5.7.tgz#8a039d2d1021d22d1ea14c80d8ea468ba2ef3fcc"

"statemachine@git://github.com/leshy/statemachine.git":
  version "1.0.0"
  resolved "git://github.com/leshy/statemachine.git#32498bdd6c35e04bd9aec3ed9df7cb06fd34754d"
  dependencies:
    backbone4000 "git://github.com/leshy/backbone4000.git"
    subscriptionman2 "git://github.com/leshy/nodejs-subscriptionman2.git"

string_decoder@~1.0.0:
  version "1.0.3"
  resolved "https://registry.yarnpkg.com/string_decoder/-/string_decoder-1.0.3.tgz#0fc67d7c141825de94282dd536bec6b9bce860ab"
  dependencies:
    safe-buffer "~5.1.0"

"subscriptionman2@git+ssh://git@github.com/leshy/nodejs-subscriptionman2.git":
  version "0.0.0"
  resolved "git+ssh://git@github.com/leshy/nodejs-subscriptionman2.git#eadd1e513dd5cf62b131bb5855dde16131b25a8d"
  dependencies:
    async "^0.9.0"
    backbone4000 "git://github.com/leshy/backbone4000.git"
    helpers "git://github.com/leshy/nodejs-helpers.git"
    underscore "^1.8.3"
    validator2-extras "git://github.com/leshy/nodejs-validator2-extras.git"

"subscriptionman2@git://github.com/leshy/nodejs-subscriptionman2.git":
  version "0.0.0"
  resolved "git://github.com/leshy/nodejs-subscriptionman2.git#eadd1e513dd5cf62b131bb5855dde16131b25a8d"
  dependencies:
    async "^0.9.0"
    backbone4000 "git://github.com/leshy/backbone4000.git"
    helpers "git://github.com/leshy/nodejs-helpers.git"
    underscore "^1.8.3"
    validator2-extras "git://github.com/leshy/nodejs-validator2-extras.git"

type-check@~0.3.2:
  version "0.3.2"
  resolved "https://registry.yarnpkg.com/type-check/-/type-check-0.3.2.tgz#5884cab512cf1d355e3fb784f30804b2b520db72"
  dependencies:
    prelude-ls "~1.1.2"

udp-client@^0.1.0:
  version "0.1.0"
  resolved "https://registry.yarnpkg.com/udp-client/-/udp-client-0.1.0.tgz#c8f5be1f02bd10367bab6e77814bdb0d840075f8"

underscore@>=1.8.3, underscore@^1.8.3:
  version "1.8.3"
  resolved "https://registry.yarnpkg.com/underscore/-/underscore-1.8.3.tgz#4f3fb53b106e6097fcf9cb4109f2a5e9bdfa5022"

util-deprecate@~1.0.1:
  version "1.0.2"
  resolved "https://registry.yarnpkg.com/util-deprecate/-/util-deprecate-1.0.2.tgz#450d4dc9fa70de732762fbd2d4a28981419a0ccf"

"validator2-extras@git://github.com/leshy/nodejs-validator2-extras.git":
  version "0.0.1"
  resolved "git://github.com/leshy/nodejs-validator2-extras.git#dae9ea3f517747e6ef4d4b1176112372cf9abcc6"
  dependencies:
    backbone4000 "git+ssh://git@github.com/leshy/backbone4000.git"
    helpers "git+ssh://git@github.com/leshy/nodejs-helpers.git"
    underscore "^1.8.3"
    validator2 "git+ssh://git@github.com/leshy/nodejs-validator2.git"

"validator2@git+ssh://git@github.com/leshy/nodejs-validator2.git":
  version "0.0.1"
  resolved "git+ssh://git@github.com/leshy/nodejs-validator2.git#0775c167240148072d922021d773fbfbf660d4f6"
  dependencies:
    async "^2.6.0"
    helpers "git+ssh://git@github.com/leshy/nodejs-helpers.git"
    underscore "^1.8.3"

wordwrap@~1.0.0:
  version "1.0.0"
  resolved "https://registry.yarnpkg.com/wordwrap/-/wordwrap-1.0.0.tgz#27584810891456a4171c8d0226441ade90cbcaeb"
